
Microsoft Visual Studio Solution File, Format Version 12.00
# Visual Studio 15
VisualStudioVersion = 15.0.28307.271
MinimumVisualStudioVersion = 10.0.40219.1
Project("{9A19103F-16F7-4668-BE54-9A1E7A4F7556}") = "DATA_Layer_NNINO", "DATA_Layer_NNINO\DATA_Layer_NNINO.csproj", "{C345D6E0-1829-4F52-BB14-F284AD6FD71F}"
EndProject
Project("{9A19103F-16F7-4668-BE54-9A1E7A4F7556}") = "BL_Layer_NNINO", "BL_Layer_NNINO\BL_Layer_NNINO.csproj", "{4B0A86E2-83D4-436A-8DD9-0CDB1B7517CC}"
EndProject
Project("{FAE04EC0-301F-11D3-BF4B-00C04F79EFBC}") = "WEB_NNINO", "WEB_NNINO\WEB_NNINO.csproj", "{90A61A79-7EF2-4A90-8560-0067AAD67313}"
EndProject
Global
	GlobalSection(SolutionConfigurationPlatforms) = preSolution
		Debug|Any CPU = Debug|Any CPU
		Release|Any CPU = Release|Any CPU
	EndGlobalSection
	GlobalSection(ProjectConfigurationPlatforms) = postSolution
		{C345D6E0-1829-4F52-BB14-F284AD6FD71F}.Debug|Any CPU.ActiveCfg = Debug|Any CPU
		{C345D6E0-1829-4F52-BB14-F284AD6FD71F}.Debug|Any CPU.Build.0 = Debug|Any CPU
		{C345D6E0-1829-4F52-BB14-F284AD6FD71F}.Release|Any CPU.ActiveCfg = Release|Any CPU
		{C345D6E0-1829-4F52-BB14-F284AD6FD71F}.Release|Any CPU.Build.0 = Release|Any CPU
		{4B0A86E2-83D4-436A-8DD9-0CDB1B7517CC}.Debug|Any CPU.ActiveCfg = Debug|Any CPU
		{4B0A86E2-83D4-436A-8DD9-0CDB1B7517CC}.Debug|Any CPU.Build.0 = Debug|Any CPU
		{4B0A86E2-83D4-436A-8DD9-0CDB1B7517CC}.Release|Any CPU.ActiveCfg = Release|Any CPU
		{4B0A86E2-83D4-436A-8DD9-0CDB1B7517CC}.Release|Any CPU.Build.0 = Release|Any CPU
		{90A61A79-7EF2-4A90-8560-0067AAD67313}.Debug|Any CPU.ActiveCfg = Debug|Any CPU
		{90A61A79-7EF2-4A90-8560-0067AAD67313}.Debug|Any CPU.Build.0 = Debug|Any CPU
		{90A61A79-7EF2-4A90-8560-0067AAD67313}.Release|Any CPU.ActiveCfg = Release|Any CPU
		{90A61A79-7EF2-4A90-8560-0067AAD67313}.Release|Any CPU.Build.0 = Release|Any CPU
	EndGlobalSection
	GlobalSection(SolutionProperties) = preSolution
		HideSolutionNode = FALSE
	EndGlobalSection
	GlobalSection(ExtensibilityGlobals) = postSolution
		SolutionGuid = {E1ACAAF1-6EF4-49D5-B50C-2A2A459BBA17}
	EndGlobalSection
EndGlobal
